
Microsoft Visual Studio Solution File, Format Version 12.00
# Visual Studio Version 17
VisualStudioVersion = 17.9.34728.123
MinimumVisualStudioVersion = 10.0.40219.1
Project("{FAE04EC0-301F-11D3-BF4B-00C04F79EFBC}") = "vejrApp", "vejrApp.csproj", "{C44B157F-8123-4D22-814B-003B53AED9F6}"
EndProject
Global
	GlobalSection(SolutionConfigurationPlatforms) = preSolution
		Debug|Any CPU = Debug|Any CPU
		Release|Any CPU = Release|Any CPU
	EndGlobalSection
	GlobalSection(ProjectConfigurationPlatforms) = postSolution
		{C44B157F-8123-4D22-814B-003B53AED9F6}.Debug|Any CPU.ActiveCfg = Debug|Any CPU
		{C44B157F-8123-4D22-814B-003B53AED9F6}.Debug|Any CPU.Build.0 = Debug|Any CPU
		{C44B157F-8123-4D22-814B-003B53AED9F6}.Release|Any CPU.ActiveCfg = Release|Any CPU
		{C44B157F-8123-4D22-814B-003B53AED9F6}.Release|Any CPU.Build.0 = Release|Any CPU
	EndGlobalSection
	GlobalSection(SolutionProperties) = preSolution
		HideSolutionNode = FALSE
	EndGlobalSection
	GlobalSection(ExtensibilityGlobals) = postSolution
		SolutionGuid = {40EB78F3-5DFB-4EEB-ADEB-C81B850EA5AA}
	EndGlobalSection
EndGlobal
